// !$*UTF8*$!
{
	archiveVersion = 1;
	classes = {
	};
	objectVersion = 56;
	objects = {

/* Begin PBXBuildFile section */
		4EAE27E19815D8118888EEA5 /* Pods_MySwiftApp.framework in Frameworks */ = {isa = PBXBuildFile; fileRef = 2AF48ED044642F7F8DE7CC87 /* Pods_MySwiftApp.framework */; };
		D61BEFAF2C10651900330902 /* AppDelegate.swift in Sources */ = {isa = PBXBuildFile; fileRef = D61BEFAE2C10651900330902 /* AppDelegate.swift */; };
		D61BEFB12C10651900330902 /* SceneDelegate.swift in Sources */ = {isa = PBXBuildFile; fileRef = D61BEFB02C10651900330902 /* SceneDelegate.swift */; };
		D61BEFB32C10651900330902 /* ViewController.swift in Sources */ = {isa = PBXBuildFile; fileRef = D61BEFB22C10651900330902 /* ViewController.swift */; };
		D61BEFB62C10651900330902 /* Base in Resources */ = {isa = PBXBuildFile; fileRef = D61BEFB52C10651900330902 /* Base */; };
		D61BEFB82C10651B00330902 /* Assets.xcassets in Resources */ = {isa = PBXBuildFile; fileRef = D61BEFB72C10651B00330902 /* Assets.xcassets */; };
		D61BEFBB2C10651B00330902 /* Base in Resources */ = {isa = PBXBuildFile; fileRef = D61BEFBA2C10651B00330902 /* Base */; };
		D6AB05A22C11A99B00F77090 /* main_tab.png in Resources */ = {isa = PBXBuildFile; fileRef = D6AB05A12C11A99B00F77090 /* main_tab.png */; };
		D6AB05A52C11AF4A00F77090 /* Product.swift in Sources */ = {isa = PBXBuildFile; fileRef = D6AB05A42C11AF4A00F77090 /* Product.swift */; };
		D6AB05A82C11B79400F77090 /* R.generated.swift in Sources */ = {isa = PBXBuildFile; fileRef = D6AB05A72C11B79400F77090 /* R.generated.swift */; };
		D6B1C0C22C23D14100212E4D /* HomeViewController.swift in Sources */ = {isa = PBXBuildFile; fileRef = D6B1C0C12C23D14100212E4D /* HomeViewController.swift */; };
		D6B1C0C42C23D1DC00212E4D /* MineViewController.swift in Sources */ = {isa = PBXBuildFile; fileRef = D6B1C0C32C23D1DC00212E4D /* MineViewController.swift */; };
		D6B1C0E82C24068700212E4D /* BannerView.swift in Sources */ = {isa = PBXBuildFile; fileRef = D6B1C0E72C24068700212E4D /* BannerView.swift */; };
		D6DF789E2C129FCA005C5D66 /* Deal.swift in Sources */ = {isa = PBXBuildFile; fileRef = D6DF789D2C129FCA005C5D66 /* Deal.swift */; };
		D6DF78A02C12A02D005C5D66 /* FakeData.swift in Sources */ = {isa = PBXBuildFile; fileRef = D6DF789F2C12A02D005C5D66 /* FakeData.swift */; };
		D6DF78A32C12AE2B005C5D66 /* UIColor.swift in Sources */ = {isa = PBXBuildFile; fileRef = D6DF78A22C12AE2B005C5D66 /* UIColor.swift */; };
		D6DF78A52C12B6B0005C5D66 /* BaseViewController.swift in Sources */ = {isa = PBXBuildFile; fileRef = D6DF78A42C12B6B0005C5D66 /* BaseViewController.swift */; };
		D6DF78A72C12B983005C5D66 /* LoginViewController.swift in Sources */ = {isa = PBXBuildFile; fileRef = D6DF78A62C12B983005C5D66 /* LoginViewController.swift */; };
		D6DF78AA2C12D4B9005C5D66 /* home_phone.png in Resources */ = {isa = PBXBuildFile; fileRef = D6DF78A82C12D4B9005C5D66 /* home_phone.png */; };
		D6DF78AB2C12D4B9005C5D66 /* test.jpeg in Resources */ = {isa = PBXBuildFile; fileRef = D6DF78A92C12D4B9005C5D66 /* test.jpeg */; };
		D6DF78AE2C12E9EB005C5D66 /* phone.png in Resources */ = {isa = PBXBuildFile; fileRef = D6DF78AC2C12E9EB005C5D66 /* phone.png */; };
		D6DF78AF2C12E9EB005C5D66 /* password.png in Resources */ = {isa = PBXBuildFile; fileRef = D6DF78AD2C12E9EB005C5D66 /* password.png */; };
/* End PBXBuildFile section */

/* Begin PBXFileReference section */
		2AF48ED044642F7F8DE7CC87 /* Pods_MySwiftApp.framework */ = {isa = PBXFileReference; explicitFileType = wrapper.framework; includeInIndex = 0; path = Pods_MySwiftApp.framework; sourceTree = BUILT_PRODUCTS_DIR; };
		5DFDD982D89A4F61D3E176DC /* Pods-MySwiftApp.release.xcconfig */ = {isa = PBXFileReference; includeInIndex = 1; lastKnownFileType = text.xcconfig; name = "Pods-MySwiftApp.release.xcconfig"; path = "Target Support Files/Pods-MySwiftApp/Pods-MySwiftApp.release.xcconfig"; sourceTree = "<group>"; };
		931F8F62CCC9ABA722EE65EE /* Pods-MySwiftApp.debug.xcconfig */ = {isa = PBXFileReference; includeInIndex = 1; lastKnownFileType = text.xcconfig; name = "Pods-MySwiftApp.debug.xcconfig"; path = "Target Support Files/Pods-MySwiftApp/Pods-MySwiftApp.debug.xcconfig"; sourceTree = "<group>"; };
		D61BEFAB2C10651900330902 /* MySwiftApp.app */ = {isa = PBXFileReference; explicitFileType = wrapper.application; includeInIndex = 0; path = MySwiftApp.app; sourceTree = BUILT_PRODUCTS_DIR; };
		D61BEFAE2C10651900330902 /* AppDelegate.swift */ = {isa = PBXFileReference; lastKnownFileType = sourcecode.swift; path = AppDelegate.swift; sourceTree = "<group>"; };
		D61BEFB02C10651900330902 /* SceneDelegate.swift */ = {isa = PBXFileReference; lastKnownFileType = sourcecode.swift; path = SceneDelegate.swift; sourceTree = "<group>"; };
		D61BEFB22C10651900330902 /* ViewController.swift */ = {isa = PBXFileReference; lastKnownFileType = sourcecode.swift; path = ViewController.swift; sourceTree = "<group>"; };
		D61BEFB52C10651900330902 /* Base */ = {isa = PBXFileReference; lastKnownFileType = file.storyboard; name = Base; path = Base.lproj/Main.storyboard; sourceTree = "<group>"; };
		D61BEFB72C10651B00330902 /* Assets.xcassets */ = {isa = PBXFileReference; lastKnownFileType = folder.assetcatalog; path = Assets.xcassets; sourceTree = "<group>"; };
		D61BEFBA2C10651B00330902 /* Base */ = {isa = PBXFileReference; lastKnownFileType = file.storyboard; name = Base; path = Base.lproj/LaunchScreen.storyboard; sourceTree = "<group>"; };
		D61BEFBC2C10651B00330902 /* Info.plist */ = {isa = PBXFileReference; lastKnownFileType = text.plist.xml; path = Info.plist; sourceTree = "<group>"; };
		D6AB05A12C11A99B00F77090 /* main_tab.png */ = {isa = PBXFileReference; lastKnownFileType = image.png; path = main_tab.png; sourceTree = "<group>"; };
		D6AB05A42C11AF4A00F77090 /* Product.swift */ = {isa = PBXFileReference; lastKnownFileType = sourcecode.swift; path = Product.swift; sourceTree = "<group>"; };
		D6AB05A72C11B79400F77090 /* R.generated.swift */ = {isa = PBXFileReference; fileEncoding = 4; lastKnownFileType = sourcecode.swift; path = R.generated.swift; sourceTree = "<group>"; };
		D6B1C0C12C23D14100212E4D /* HomeViewController.swift */ = {isa = PBXFileReference; lastKnownFileType = sourcecode.swift; path = HomeViewController.swift; sourceTree = "<group>"; };
		D6B1C0C32C23D1DC00212E4D /* MineViewController.swift */ = {isa = PBXFileReference; lastKnownFileType = sourcecode.swift; path = MineViewController.swift; sourceTree = "<group>"; };
		D6B1C0E72C24068700212E4D /* BannerView.swift */ = {isa = PBXFileReference; lastKnownFileType = sourcecode.swift; path = BannerView.swift; sourceTree = "<group>"; };
		D6DF789D2C129FCA005C5D66 /* Deal.swift */ = {isa = PBXFileReference; lastKnownFileType = sourcecode.swift; path = Deal.swift; sourceTree = "<group>"; };
		D6DF789F2C12A02D005C5D66 /* FakeData.swift */ = {isa = PBXFileReference; lastKnownFileType = sourcecode.swift; path = FakeData.swift; sourceTree = "<group>"; };
		D6DF78A22C12AE2B005C5D66 /* UIColor.swift */ = {isa = PBXFileReference; lastKnownFileType = sourcecode.swift; path = UIColor.swift; sourceTree = "<group>"; };
		D6DF78A42C12B6B0005C5D66 /* BaseViewController.swift */ = {isa = PBXFileReference; lastKnownFileType = sourcecode.swift; path = BaseViewController.swift; sourceTree = "<group>"; };
		D6DF78A62C12B983005C5D66 /* LoginViewController.swift */ = {isa = PBXFileReference; lastKnownFileType = sourcecode.swift; path = LoginViewController.swift; sourceTree = "<group>"; };
		D6DF78A82C12D4B9005C5D66 /* home_phone.png */ = {isa = PBXFileReference; lastKnownFileType = image.png; path = home_phone.png; sourceTree = "<group>"; };
		D6DF78A92C12D4B9005C5D66 /* test.jpeg */ = {isa = PBXFileReference; lastKnownFileType = image.jpeg; path = test.jpeg; sourceTree = "<group>"; };
		D6DF78AC2C12E9EB005C5D66 /* phone.png */ = {isa = PBXFileReference; lastKnownFileType = image.png; path = phone.png; sourceTree = "<group>"; };
		D6DF78AD2C12E9EB005C5D66 /* password.png */ = {isa = PBXFileReference; lastKnownFileType = image.png; path = password.png; sourceTree = "<group>"; };
/* End PBXFileReference section */

/* Begin PBXFrameworksBuildPhase section */
		D61BEFA82C10651900330902 /* Frameworks */ = {
			isa = PBXFrameworksBuildPhase;
			buildActionMask = 2147483647;
			files = (
				4EAE27E19815D8118888EEA5 /* Pods_MySwiftApp.framework in Frameworks */,
			);
			runOnlyForDeploymentPostprocessing = 0;
		};
/* End PBXFrameworksBuildPhase section */

/* Begin PBXGroup section */
		1D5411BB55EC278BE3FEB577 /* Frameworks */ = {
			isa = PBXGroup;
			children = (
				2AF48ED044642F7F8DE7CC87 /* Pods_MySwiftApp.framework */,
			);
			name = Frameworks;
			sourceTree = "<group>";
		};
		7E06BB508B495B8247958C85 /* Pods */ = {
			isa = PBXGroup;
			children = (
				931F8F62CCC9ABA722EE65EE /* Pods-MySwiftApp.debug.xcconfig */,
				5DFDD982D89A4F61D3E176DC /* Pods-MySwiftApp.release.xcconfig */,
			);
			path = Pods;
			sourceTree = "<group>";
		};
		D61BEFA22C10651900330902 = {
			isa = PBXGroup;
			children = (
				D6AB05A72C11B79400F77090 /* R.generated.swift */,
				D61BEFAD2C10651900330902 /* MySwiftApp */,
				D61BEFAC2C10651900330902 /* Products */,
				7E06BB508B495B8247958C85 /* Pods */,
				1D5411BB55EC278BE3FEB577 /* Frameworks */,
			);
			sourceTree = "<group>";
		};
		D61BEFAC2C10651900330902 /* Products */ = {
			isa = PBXGroup;
			children = (
				D61BEFAB2C10651900330902 /* MySwiftApp.app */,
			);
			name = Products;
			sourceTree = "<group>";
		};
		D61BEFAD2C10651900330902 /* MySwiftApp */ = {
			isa = PBXGroup;
			children = (
				D6B1C0E62C24064A00212E4D /* Component */,
				D6DF78A12C12AC44005C5D66 /* Extension */,
				D6AB05A32C11AF2600F77090 /* Model */,
				D6AB05A02C11A8CC00F77090 /* Resource */,
				D61BEFAE2C10651900330902 /* AppDelegate.swift */,
				D61BEFB02C10651900330902 /* SceneDelegate.swift */,
				D61BEFB22C10651900330902 /* ViewController.swift */,
				D61BEFB42C10651900330902 /* Main.storyboard */,
				D61BEFB72C10651B00330902 /* Assets.xcassets */,
				D61BEFB92C10651B00330902 /* LaunchScreen.storyboard */,
				D61BEFBC2C10651B00330902 /* Info.plist */,
				D6DF78A42C12B6B0005C5D66 /* BaseViewController.swift */,
				D6DF78A62C12B983005C5D66 /* LoginViewController.swift */,
				D6B1C0C12C23D14100212E4D /* HomeViewController.swift */,
				D6B1C0C32C23D1DC00212E4D /* MineViewController.swift */,
			);
			path = MySwiftApp;
			sourceTree = "<group>";
		};
		D6AB05A02C11A8CC00F77090 /* Resource */ = {
			isa = PBXGroup;
			children = (
				D6DF78AD2C12E9EB005C5D66 /* password.png */,
				D6DF78AC2C12E9EB005C5D66 /* phone.png */,
				D6DF78A82C12D4B9005C5D66 /* home_phone.png */,
				D6DF78A92C12D4B9005C5D66 /* test.jpeg */,
				D6AB05A12C11A99B00F77090 /* main_tab.png */,
			);
			path = Resource;
			sourceTree = "<group>";
		};
		D6AB05A32C11AF2600F77090 /* Model */ = {
			isa = PBXGroup;
			children = (
				D6AB05A42C11AF4A00F77090 /* Product.swift */,
				D6DF789D2C129FCA005C5D66 /* Deal.swift */,
				D6DF789F2C12A02D005C5D66 /* FakeData.swift */,
			);
			path = Model;
			sourceTree = "<group>";
		};
		D6B1C0E62C24064A00212E4D /* Component */ = {
			isa = PBXGroup;
			children = (
				D6B1C0E72C24068700212E4D /* BannerView.swift */,
			);
			path = Component;
			sourceTree = "<group>";
		};
		D6DF78A12C12AC44005C5D66 /* Extension */ = {
			isa = PBXGroup;
			children = (
				D6DF78A22C12AE2B005C5D66 /* UIColor.swift */,
			);
			path = Extension;
			sourceTree = "<group>";
		};
/* End PBXGroup section */

/* Begin PBXNativeTarget section */
		D61BEFAA2C10651900330902 /* MySwiftApp */ = {
			isa = PBXNativeTarget;
			buildConfigurationList = D61BEFBF2C10651B00330902 /* Build configuration list for PBXNativeTarget "MySwiftApp" */;
			buildPhases = (
				25CEC3E2D8ED1DDFB387A781 /* [CP] Check Pods Manifest.lock */,
				D6AB05A62C11B73500F77090 /* ShellScript */,
				D61BEFA72C10651900330902 /* Sources */,
				D61BEFA82C10651900330902 /* Frameworks */,
				D61BEFA92C10651900330902 /* Resources */,
				3C780F67AC3985AC8F9EE6E4 /* [CP] Embed Pods Frameworks */,
			);
			buildRules = (
			);
			dependencies = (
			);
			name = MySwiftApp;
			productName = MySwiftApp;
			productReference = D61BEFAB2C10651900330902 /* MySwiftApp.app */;
			productType = "com.apple.product-type.application";
		};
/* End PBXNativeTarget section */

/* Begin PBXProject section */
		D61BEFA32C10651900330902 /* Project object */ = {
			isa = PBXProject;
			attributes = {
				BuildIndependentTargetsInParallel = 1;
				LastSwiftUpdateCheck = 1540;
				LastUpgradeCheck = 1540;
				TargetAttributes = {
					D61BEFAA2C10651900330902 = {
						CreatedOnToolsVersion = 15.4;
					};
				};
			};
			buildConfigurationList = D61BEFA62C10651900330902 /* Build configuration list for PBXProject "MySwiftApp" */;
			compatibilityVersion = "Xcode 14.0";
			developmentRegion = en;
			hasScannedForEncodings = 0;
			knownRegions = (
				en,
				Base,
			);
			mainGroup = D61BEFA22C10651900330902;
			productRefGroup = D61BEFAC2C10651900330902 /* Products */;
			projectDirPath = "";
			projectRoot = "";
			targets = (
				D61BEFAA2C10651900330902 /* MySwiftApp */,
			);
		};
/* End PBXProject section */

/* Begin PBXResourcesBuildPhase section */
		D61BEFA92C10651900330902 /* Resources */ = {
			isa = PBXResourcesBuildPhase;
			buildActionMask = 2147483647;
			files = (
				D61BEFB82C10651B00330902 /* Assets.xcassets in Resources */,
				D61BEFBB2C10651B00330902 /* Base in Resources */,
				D6DF78AF2C12E9EB005C5D66 /* password.png in Resources */,
				D6AB05A22C11A99B00F77090 /* main_tab.png in Resources */,
				D6DF78AE2C12E9EB005C5D66 /* phone.png in Resources */,
				D61BEFB62C10651900330902 /* Base in Resources */,
				D6DF78AA2C12D4B9005C5D66 /* home_phone.png in Resources */,
				D6DF78AB2C12D4B9005C5D66 /* test.jpeg in Resources */,
			);
			runOnlyForDeploymentPostprocessing = 0;
		};
/* End PBXResourcesBuildPhase section */

/* Begin PBXShellScriptBuildPhase section */
		25CEC3E2D8ED1DDFB387A781 /* [CP] Check Pods Manifest.lock */ = {
			isa = PBXShellScriptBuildPhase;
			buildActionMask = 2147483647;
			files = (
			);
			inputFileListPaths = (
			);
			inputPaths = (
				"${PODS_PODFILE_DIR_PATH}/Podfile.lock",
				"${PODS_ROOT}/Manifest.lock",
			);
			name = "[CP] Check Pods Manifest.lock";
			outputFileListPaths = (
			);
			outputPaths = (
				"$(DERIVED_FILE_DIR)/Pods-MySwiftApp-checkManifestLockResult.txt",
			);
			runOnlyForDeploymentPostprocessing = 0;
			shellPath = /bin/sh;
			shellScript = "diff \"${PODS_PODFILE_DIR_PATH}/Podfile.lock\" \"${PODS_ROOT}/Manifest.lock\" > /dev/null\nif [ $? != 0 ] ; then\n    # print error to STDERR\n    echo \"error: The sandbox is not in sync with the Podfile.lock. Run 'pod install' or update your CocoaPods installation.\" >&2\n    exit 1\nfi\n# This output is used by Xcode 'outputs' to avoid re-running this script phase.\necho \"SUCCESS\" > \"${SCRIPT_OUTPUT_FILE_0}\"\n";
			showEnvVarsInLog = 0;
		};
		3C780F67AC3985AC8F9EE6E4 /* [CP] Embed Pods Frameworks */ = {
			isa = PBXShellScriptBuildPhase;
			buildActionMask = 2147483647;
			files = (
			);
			inputFileListPaths = (
				"${PODS_ROOT}/Target Support Files/Pods-MySwiftApp/Pods-MySwiftApp-frameworks-${CONFIGURATION}-input-files.xcfilelist",
			);
			name = "[CP] Embed Pods Frameworks";
			outputFileListPaths = (
				"${PODS_ROOT}/Target Support Files/Pods-MySwiftApp/Pods-MySwiftApp-frameworks-${CONFIGURATION}-output-files.xcfilelist",
			);
			runOnlyForDeploymentPostprocessing = 0;
			shellPath = /bin/sh;
			shellScript = "\"${PODS_ROOT}/Target Support Files/Pods-MySwiftApp/Pods-MySwiftApp-frameworks.sh\"\n";
			showEnvVarsInLog = 0;
		};
		D6AB05A62C11B73500F77090 /* ShellScript */ = {
			isa = PBXShellScriptBuildPhase;
			buildActionMask = 2147483647;
			files = (
			);
			inputFileListPaths = (
			);
			inputPaths = (
				"$TEMP_DIR/rswift-lastrun",
			);
			outputFileListPaths = (
			);
			outputPaths = (
				$SRCROOT/R.generated.swift,
			);
			runOnlyForDeploymentPostprocessing = 0;
			shellPath = /bin/sh;
			shellScript = "# Type a script or drag a script file from your workspace to insert its path.\n\"$PODS_ROOT/R.swift/rswift\" generate \"$SRCROOT/R.generated.swift\"\n";
		};
/* End PBXShellScriptBuildPhase section */

/* Begin PBXSourcesBuildPhase section */
		D61BEFA72C10651900330902 /* Sources */ = {
			isa = PBXSourcesBuildPhase;
			buildActionMask = 2147483647;
			files = (
				D61BEFB32C10651900330902 /* ViewController.swift in Sources */,
				D6AB05A52C11AF4A00F77090 /* Product.swift in Sources */,
				D6AB05A82C11B79400F77090 /* R.generated.swift in Sources */,
				D6DF789E2C129FCA005C5D66 /* Deal.swift in Sources */,
				D61BEFAF2C10651900330902 /* AppDelegate.swift in Sources */,
				D6B1C0C22C23D14100212E4D /* HomeViewController.swift in Sources */,
				D6DF78A52C12B6B0005C5D66 /* BaseViewController.swift in Sources */,
				D6DF78A32C12AE2B005C5D66 /* UIColor.swift in Sources */,
				D61BEFB12C10651900330902 /* SceneDelegate.swift in Sources */,
				D6DF78A72C12B983005C5D66 /* LoginViewController.swift in Sources */,
				D6DF78A02C12A02D005C5D66 /* FakeData.swift in Sources */,
				D6B1C0E82C24068700212E4D /* BannerView.swift in Sources */,
				D6B1C0C42C23D1DC00212E4D /* MineViewController.swift in Sources */,
			);
			runOnlyForDeploymentPostprocessing = 0;
		};
/* End PBXSourcesBuildPhase section */

/* Begin PBXVariantGroup section */
		D61BEFB42C10651900330902 /* Main.storyboard */ = {
			isa = PBXVariantGroup;
			children = (
				D61BEFB52C10651900330902 /* Base */,
			);
			name = Main.storyboard;
			sourceTree = "<group>";
		};
		D61BEFB92C10651B00330902 /* LaunchScreen.storyboard */ = {
			isa = PBXVariantGroup;
			children = (
				D61BEFBA2C10651B00330902 /* Base */,
			);
			name = LaunchScreen.storyboard;
			sourceTree = "<group>";
		};
/* End PBXVariantGroup section */

/* Begin XCBuildConfiguration section */
		D61BEFBD2C10651B00330902 /* Debug */ = {
			isa = XCBuildConfiguration;
			buildSettings = {
				ALWAYS_SEARCH_USER_PATHS = NO;
				ASSETCATALOG_COMPILER_GENERATE_SWIFT_ASSET_SYMBOL_EXTENSIONS = YES;
				CLANG_ANALYZER_NONNULL = YES;
				CLANG_ANALYZER_NUMBER_OBJECT_CONVERSION = YES_AGGRESSIVE;
				CLANG_CXX_LANGUAGE_STANDARD = "gnu++20";
				CLANG_ENABLE_MODULES = YES;
				CLANG_ENABLE_OBJC_ARC = YES;
				CLANG_ENABLE_OBJC_WEAK = YES;
				CLANG_WARN_BLOCK_CAPTURE_AUTORELEASING = YES;
				CLANG_WARN_BOOL_CONVERSION = YES;
				CLANG_WARN_COMMA = YES;
				CLANG_WARN_CONSTANT_CONVERSION = YES;
				CLANG_WARN_DEPRECATED_OBJC_IMPLEMENTATIONS = YES;
				CLANG_WARN_DIRECT_OBJC_ISA_USAGE = YES_ERROR;
				CLANG_WARN_DOCUMENTATION_COMMENTS = YES;
				CLANG_WARN_EMPTY_BODY = YES;
				CLANG_WARN_ENUM_CONVERSION = YES;
				CLANG_WARN_INFINITE_RECURSION = YES;
				CLANG_WARN_INT_CONVERSION = YES;
				CLANG_WARN_NON_LITERAL_NULL_CONVERSION = YES;
				CLANG_WARN_OBJC_IMPLICIT_RETAIN_SELF = YES;
				CLANG_WARN_OBJC_LITERAL_CONVERSION = YES;
				CLANG_WARN_OBJC_ROOT_CLASS = YES_ERROR;
				CLANG_WARN_QUOTED_INCLUDE_IN_FRAMEWORK_HEADER = YES;
				CLANG_WARN_RANGE_LOOP_ANALYSIS = YES;
				CLANG_WARN_STRICT_PROTOTYPES = YES;
				CLANG_WARN_SUSPICIOUS_MOVE = YES;
				CLANG_WARN_UNGUARDED_AVAILABILITY = YES_AGGRESSIVE;
				CLANG_WARN_UNREACHABLE_CODE = YES;
				CLANG_WARN__DUPLICATE_METHOD_MATCH = YES;
				COPY_PHASE_STRIP = NO;
				DEBUG_INFORMATION_FORMAT = dwarf;
				ENABLE_STRICT_OBJC_MSGSEND = YES;
				ENABLE_TESTABILITY = YES;
				ENABLE_USER_SCRIPT_SANDBOXING = YES;
				GCC_C_LANGUAGE_STANDARD = gnu17;
				GCC_DYNAMIC_NO_PIC = NO;
				GCC_NO_COMMON_BLOCKS = YES;
				GCC_OPTIMIZATION_LEVEL = 0;
				GCC_PREPROCESSOR_DEFINITIONS = (
					"DEBUG=1",
					"$(inherited)",
				);
				GCC_WARN_64_TO_32_BIT_CONVERSION = YES;
				GCC_WARN_ABOUT_RETURN_TYPE = YES_ERROR;
				GCC_WARN_UNDECLARED_SELECTOR = YES;
				GCC_WARN_UNINITIALIZED_AUTOS = YES_AGGRESSIVE;
				GCC_WARN_UNUSED_FUNCTION = YES;
				GCC_WARN_UNUSED_VARIABLE = YES;
				IPHONEOS_DEPLOYMENT_TARGET = 17.5;
				LOCALIZATION_PREFERS_STRING_CATALOGS = YES;
				MTL_ENABLE_DEBUG_INFO = INCLUDE_SOURCE;
				MTL_FAST_MATH = YES;
				ONLY_ACTIVE_ARCH = YES;
				SDKROOT = iphoneos;
				SWIFT_ACTIVE_COMPILATION_CONDITIONS = "DEBUG $(inherited)";
				SWIFT_OPTIMIZATION_LEVEL = "-Onone";
			};
			name = Debug;
		};
		D61BEFBE2C10651B00330902 /* Release */ = {
			isa = XCBuildConfiguration;
			buildSettings = {
				ALWAYS_SEARCH_USER_PATHS = NO;
				ASSETCATALOG_COMPILER_GENERATE_SWIFT_ASSET_SYMBOL_EXTENSIONS = YES;
				CLANG_ANALYZER_NONNULL = YES;
				CLANG_ANALYZER_NUMBER_OBJECT_CONVERSION = YES_AGGRESSIVE;
				CLANG_CXX_LANGUAGE_STANDARD = "gnu++20";
				CLANG_ENABLE_MODULES = YES;
				CLANG_ENABLE_OBJC_ARC = YES;
				CLANG_ENABLE_OBJC_WEAK = YES;
				CLANG_WARN_BLOCK_CAPTURE_AUTORELEASING = YES;
				CLANG_WARN_BOOL_CONVERSION = YES;
				CLANG_WARN_COMMA = YES;
				CLANG_WARN_CONSTANT_CONVERSION = YES;
				CLANG_WARN_DEPRECATED_OBJC_IMPLEMENTATIONS = YES;
				CLANG_WARN_DIRECT_OBJC_ISA_USAGE = YES_ERROR;
				CLANG_WARN_DOCUMENTATION_COMMENTS = YES;
				CLANG_WARN_EMPTY_BODY = YES;
				CLANG_WARN_ENUM_CONVERSION = YES;
				CLANG_WARN_INFINITE_RECURSION = YES;
				CLANG_WARN_INT_CONVERSION = YES;
				CLANG_WARN_NON_LITERAL_NULL_CONVERSION = YES;
				CLANG_WARN_OBJC_IMPLICIT_RETAIN_SELF = YES;
				CLANG_WARN_OBJC_LITERAL_CONVERSION = YES;
				CLANG_WARN_OBJC_ROOT_CLASS = YES_ERROR;
				CLANG_WARN_QUOTED_INCLUDE_IN_FRAMEWORK_HEADER = YES;
				CLANG_WARN_RANGE_LOOP_ANALYSIS = YES;
				CLANG_WARN_STRICT_PROTOTYPES = YES;
				CLANG_WARN_SUSPICIOUS_MOVE = YES;
				CLANG_WARN_UNGUARDED_AVAILABILITY = YES_AGGRESSIVE;
				CLANG_WARN_UNREACHABLE_CODE = YES;
				CLANG_WARN__DUPLICATE_METHOD_MATCH = YES;
				COPY_PHASE_STRIP = NO;
				DEBUG_INFORMATION_FORMAT = "dwarf-with-dsym";
				ENABLE_NS_ASSERTIONS = NO;
				ENABLE_STRICT_OBJC_MSGSEND = YES;
				ENABLE_USER_SCRIPT_SANDBOXING = YES;
				GCC_C_LANGUAGE_STANDARD = gnu17;
				GCC_NO_COMMON_BLOCKS = YES;
				GCC_WARN_64_TO_32_BIT_CONVERSION = YES;
				GCC_WARN_ABOUT_RETURN_TYPE = YES_ERROR;
				GCC_WARN_UNDECLARED_SELECTOR = YES;
				GCC_WARN_UNINITIALIZED_AUTOS = YES_AGGRESSIVE;
				GCC_WARN_UNUSED_FUNCTION = YES;
				GCC_WARN_UNUSED_VARIABLE = YES;
				IPHONEOS_DEPLOYMENT_TARGET = 17.5;
				LOCALIZATION_PREFERS_STRING_CATALOGS = YES;
				MTL_ENABLE_DEBUG_INFO = NO;
				MTL_FAST_MATH = YES;
				SDKROOT = iphoneos;
				SWIFT_COMPILATION_MODE = wholemodule;
				VALIDATE_PRODUCT = YES;
			};
			name = Release;
		};
		D61BEFC02C10651B00330902 /* Debug */ = {
			isa = XCBuildConfiguration;
			baseConfigurationReference = 931F8F62CCC9ABA722EE65EE /* Pods-MySwiftApp.debug.xcconfig */;
			buildSettings = {
				ASSETCATALOG_COMPILER_APPICON_NAME = AppIcon;
				ASSETCATALOG_COMPILER_GLOBAL_ACCENT_COLOR_NAME = AccentColor;
				CODE_SIGN_STYLE = Manual;
				CURRENT_PROJECT_VERSION = 1;
				DEVELOPMENT_TEAM = "";
				ENABLE_USER_SCRIPT_SANDBOXING = NO;
				GENERATE_INFOPLIST_FILE = YES;
				INFOPLIST_FILE = MySwiftApp/Info.plist;
				INFOPLIST_KEY_UIApplicationSupportsIndirectInputEvents = YES;
				INFOPLIST_KEY_UILaunchStoryboardName = LaunchScreen;
				INFOPLIST_KEY_UIMainStoryboardFile = Main;
				INFOPLIST_KEY_UISupportedInterfaceOrientations_iPad = "UIInterfaceOrientationPortrait UIInterfaceOrientationPortraitUpsideDown UIInterfaceOrientationLandscapeLeft UIInterfaceOrientationLandscapeRight";
				INFOPLIST_KEY_UISupportedInterfaceOrientations_iPhone = "UIInterfaceOrientationPortrait UIInterfaceOrientationLandscapeLeft UIInterfaceOrientationLandscapeRight";
				LD_RUNPATH_SEARCH_PATHS = (
					"$(inherited)",
					"@executable_path/Frameworks",
				);
				MARKETING_VERSION = 1.0;
				PRODUCT_BUNDLE_IDENTIFIER = com.dongfang.MySwiftApp;
				PRODUCT_NAME = "$(TARGET_NAME)";
				PROVISIONING_PROFILE_SPECIFIER = "";
				SWIFT_EMIT_LOC_STRINGS = YES;
				SWIFT_VERSION = 5.0;
				TARGETED_DEVICE_FAMILY = "1,2";
			};
			name = Debug;
		};
		D61BEFC12C10651B00330902 /* Release */ = {
			isa = XCBuildConfiguration;
			baseConfigurationReference = 5DFDD982D89A4F61D3E176DC /* Pods-MySwiftApp.release.xcconfig */;
			buildSettings = {
				ASSETCATALOG_COMPILER_APPICON_NAME = AppIcon;
				ASSETCATALOG_COMPILER_GLOBAL_ACCENT_COLOR_NAME = AccentColor;
				CODE_SIGN_STYLE = Manual;
				CURRENT_PROJECT_VERSION = 1;
				DEVELOPMENT_TEAM = "";
				ENABLE_USER_SCRIPT_SANDBOXING = NO;
				GENERATE_INFOPLIST_FILE = YES;
				INFOPLIST_FILE = MySwiftApp/Info.plist;
				INFOPLIST_KEY_UIApplicationSupportsIndirectInputEvents = YES;
				INFOPLIST_KEY_UILaunchStoryboardName = LaunchScreen;
				INFOPLIST_KEY_UIMainStoryboardFile = Main;
				INFOPLIST_KEY_UISupportedInterfaceOrientations_iPad = "UIInterfaceOrientationPortrait UIInterfaceOrientationPortraitUpsideDown UIInterfaceOrientationLandscapeLeft UIInterfaceOrientationLandscapeRight";
				INFOPLIST_KEY_UISupportedInterfaceOrientations_iPhone = "UIInterfaceOrientationPortrait UIInterfaceOrientationLandscapeLeft UIInterfaceOrientationLandscapeRight";
				LD_RUNPATH_SEARCH_PATHS = (
					"$(inherited)",
					"@executable_path/Frameworks",
				);
				MARKETING_VERSION = 1.0;
				PRODUCT_BUNDLE_IDENTIFIER = com.dongfang.MySwiftApp;
				PRODUCT_NAME = "$(TARGET_NAME)";
				PROVISIONING_PROFILE_SPECIFIER = "";
				SWIFT_EMIT_LOC_STRINGS = YES;
				SWIFT_VERSION = 5.0;
				TARGETED_DEVICE_FAMILY = "1,2";
			};
			name = Release;
		};
/* End XCBuildConfiguration section */

/* Begin XCConfigurationList section */
		D61BEFA62C10651900330902 /* Build configuration list for PBXProject "MySwiftApp" */ = {
			isa = XCConfigurationList;
			buildConfigurations = (
				D61BEFBD2C10651B00330902 /* Debug */,
				D61BEFBE2C10651B00330902 /* Release */,
			);
			defaultConfigurationIsVisible = 0;
			defaultConfigurationName = Release;
		};
		D61BEFBF2C10651B00330902 /* Build configuration list for PBXNativeTarget "MySwiftApp" */ = {
			isa = XCConfigurationList;
			buildConfigurations = (
				D61BEFC02C10651B00330902 /* Debug */,
				D61BEFC12C10651B00330902 /* Release */,
			);
			defaultConfigurationIsVisible = 0;
			defaultConfigurationName = Release;
		};
/* End XCConfigurationList section */
	};
	rootObject = D61BEFA32C10651900330902 /* Project object */;
}
